
Microsoft Visual Studio Solution File, Format Version 12.00
# Visual Studio Version 17
VisualStudioVersion = 17.5.33502.453
MinimumVisualStudioVersion = 10.0.40219.1
Project("{2150E333-8FDC-42A3-9474-1A3956D46DE8}") = "Modules", "Modules", "{902B25E0-A442-4742-B388-458DE58E4AA5}"
EndProject
Project("{2150E333-8FDC-42A3-9474-1A3956D46DE8}") = "Sources", "Sources", "{95BEB115-4DA1-4815-A66A-6E13E1F7B2CA}"
EndProject
Project("{2150E333-8FDC-42A3-9474-1A3956D46DE8}") = "ThirdParty", "ThirdParty", "{324159DA-56ED-490E-8EC3-4A23D9799913}"
EndProject
Project("{8BC9CEB8-8B4A-11D0-8D11-00A0C91BC942}") = "NekoPackTools", "NekoPackTools\NekoPackTools.vcxproj", "{D39049A0-6FB7-41F5-ACB1-0F07C7DBCE65}"
EndProject
Project("{8BC9CEB8-8B4A-11D0-8D11-00A0C91BC942}") = "NekoPack_FileHook", "NekoPack_FileHook\NekoPack_FileHook.vcxproj", "{87CF9E6A-9C99-4796-A70B-2F705E14E4EE}"
EndProject
Project("{8BC9CEB8-8B4A-11D0-8D11-00A0C91BC942}") = "NekoPack_MNG_Editor", "NekoPack_MNG_Editor\NekoPack_MNG_Editor.vcxproj", "{BC1165C8-C491-42F7-9721-71A661A2AE78}"
EndProject
Project("{8BC9CEB8-8B4A-11D0-8D11-00A0C91BC942}") = "NekoPack_Pack_V1_Editor", "NekoPack_Pack_V1_Editor\NekoPack_Pack_V1_Editor.vcxproj", "{18DCBFBC-8729-4509-BBD3-BD38AC8FD6AC}"
EndProject
Project("{8BC9CEB8-8B4A-11D0-8D11-00A0C91BC942}") = "NekoPack_TextEditor", "NekoPack_TextEditor\NekoPack_TextEditor.vcxproj", "{8F947E8B-EF01-4795-8B57-EE85400F99E0}"
EndProject
Project("{8BC9CEB8-8B4A-11D0-8D11-00A0C91BC942}") = "Rxx", "..\..\RiaLibrary\vsproject\Rxx\Rxx.vcxproj", "{6B1AB12F-A3BB-4513-9592-3C15A1100FBE}"
EndProject
Global
	GlobalSection(SolutionConfigurationPlatforms) = preSolution
		Debug|x64 = Debug|x64
		Debug|x86 = Debug|x86
		Release|x64 = Release|x64
		Release|x86 = Release|x86
	EndGlobalSection
	GlobalSection(ProjectConfigurationPlatforms) = postSolution
		{D39049A0-6FB7-41F5-ACB1-0F07C7DBCE65}.Debug|x64.ActiveCfg = Debug|x64
		{D39049A0-6FB7-41F5-ACB1-0F07C7DBCE65}.Debug|x64.Build.0 = Debug|x64
		{D39049A0-6FB7-41F5-ACB1-0F07C7DBCE65}.Debug|x86.ActiveCfg = Debug|Win32
		{D39049A0-6FB7-41F5-ACB1-0F07C7DBCE65}.Debug|x86.Build.0 = Debug|Win32
		{D39049A0-6FB7-41F5-ACB1-0F07C7DBCE65}.Release|x64.ActiveCfg = Release|x64
		{D39049A0-6FB7-41F5-ACB1-0F07C7DBCE65}.Release|x64.Build.0 = Release|x64
		{D39049A0-6FB7-41F5-ACB1-0F07C7DBCE65}.Release|x86.ActiveCfg = Release|Win32
		{D39049A0-6FB7-41F5-ACB1-0F07C7DBCE65}.Release|x86.Build.0 = Release|Win32
		{87CF9E6A-9C99-4796-A70B-2F705E14E4EE}.Debug|x64.ActiveCfg = Debug|x64
		{87CF9E6A-9C99-4796-A70B-2F705E14E4EE}.Debug|x64.Build.0 = Debug|x64
		{87CF9E6A-9C99-4796-A70B-2F705E14E4EE}.Debug|x86.ActiveCfg = Debug|Win32
		{87CF9E6A-9C99-4796-A70B-2F705E14E4EE}.Debug|x86.Build.0 = Debug|Win32
		{87CF9E6A-9C99-4796-A70B-2F705E14E4EE}.Release|x64.ActiveCfg = Release|x64
		{87CF9E6A-9C99-4796-A70B-2F705E14E4EE}.Release|x64.Build.0 = Release|x64
		{87CF9E6A-9C99-4796-A70B-2F705E14E4EE}.Release|x86.ActiveCfg = Release|Win32
		{87CF9E6A-9C99-4796-A70B-2F705E14E4EE}.Release|x86.Build.0 = Release|Win32
		{BC1165C8-C491-42F7-9721-71A661A2AE78}.Debug|x64.ActiveCfg = Debug|x64
		{BC1165C8-C491-42F7-9721-71A661A2AE78}.Debug|x64.Build.0 = Debug|x64
		{BC1165C8-C491-42F7-9721-71A661A2AE78}.Debug|x86.ActiveCfg = Debug|Win32
		{BC1165C8-C491-42F7-9721-71A661A2AE78}.Debug|x86.Build.0 = Debug|Win32
		{BC1165C8-C491-42F7-9721-71A661A2AE78}.Release|x64.ActiveCfg = Release|x64
		{BC1165C8-C491-42F7-9721-71A661A2AE78}.Release|x64.Build.0 = Release|x64
		{BC1165C8-C491-42F7-9721-71A661A2AE78}.Release|x86.ActiveCfg = Release|Win32
		{BC1165C8-C491-42F7-9721-71A661A2AE78}.Release|x86.Build.0 = Release|Win32
		{18DCBFBC-8729-4509-BBD3-BD38AC8FD6AC}.Debug|x64.ActiveCfg = Debug|x64
		{18DCBFBC-8729-4509-BBD3-BD38AC8FD6AC}.Debug|x64.Build.0 = Debug|x64
		{18DCBFBC-8729-4509-BBD3-BD38AC8FD6AC}.Debug|x86.ActiveCfg = Debug|Win32
		{18DCBFBC-8729-4509-BBD3-BD38AC8FD6AC}.Debug|x86.Build.0 = Debug|Win32
		{18DCBFBC-8729-4509-BBD3-BD38AC8FD6AC}.Release|x64.ActiveCfg = Release|x64
		{18DCBFBC-8729-4509-BBD3-BD38AC8FD6AC}.Release|x64.Build.0 = Release|x64
		{18DCBFBC-8729-4509-BBD3-BD38AC8FD6AC}.Release|x86.ActiveCfg = Release|Win32
		{18DCBFBC-8729-4509-BBD3-BD38AC8FD6AC}.Release|x86.Build.0 = Release|Win32
		{8F947E8B-EF01-4795-8B57-EE85400F99E0}.Debug|x64.ActiveCfg = Debug|x64
		{8F947E8B-EF01-4795-8B57-EE85400F99E0}.Debug|x64.Build.0 = Debug|x64
		{8F947E8B-EF01-4795-8B57-EE85400F99E0}.Debug|x86.ActiveCfg = Debug|Win32
		{8F947E8B-EF01-4795-8B57-EE85400F99E0}.Debug|x86.Build.0 = Debug|Win32
		{8F947E8B-EF01-4795-8B57-EE85400F99E0}.Release|x64.ActiveCfg = Release|x64
		{8F947E8B-EF01-4795-8B57-EE85400F99E0}.Release|x64.Build.0 = Release|x64
		{8F947E8B-EF01-4795-8B57-EE85400F99E0}.Release|x86.ActiveCfg = Release|Win32
		{8F947E8B-EF01-4795-8B57-EE85400F99E0}.Release|x86.Build.0 = Release|Win32
		{6B1AB12F-A3BB-4513-9592-3C15A1100FBE}.Debug|x64.ActiveCfg = Debug|x64
		{6B1AB12F-A3BB-4513-9592-3C15A1100FBE}.Debug|x64.Build.0 = Debug|x64
		{6B1AB12F-A3BB-4513-9592-3C15A1100FBE}.Debug|x86.ActiveCfg = Debug|Win32
		{6B1AB12F-A3BB-4513-9592-3C15A1100FBE}.Debug|x86.Build.0 = Debug|Win32
		{6B1AB12F-A3BB-4513-9592-3C15A1100FBE}.Release|x64.ActiveCfg = Release|x64
		{6B1AB12F-A3BB-4513-9592-3C15A1100FBE}.Release|x64.Build.0 = Release|x64
		{6B1AB12F-A3BB-4513-9592-3C15A1100FBE}.Release|x86.ActiveCfg = Release|Win32
		{6B1AB12F-A3BB-4513-9592-3C15A1100FBE}.Release|x86.Build.0 = Release|Win32
	EndGlobalSection
	GlobalSection(SolutionProperties) = preSolution
		HideSolutionNode = FALSE
	EndGlobalSection
	GlobalSection(NestedProjects) = preSolution
		{D39049A0-6FB7-41F5-ACB1-0F07C7DBCE65} = {902B25E0-A442-4742-B388-458DE58E4AA5}
		{87CF9E6A-9C99-4796-A70B-2F705E14E4EE} = {95BEB115-4DA1-4815-A66A-6E13E1F7B2CA}
		{BC1165C8-C491-42F7-9721-71A661A2AE78} = {95BEB115-4DA1-4815-A66A-6E13E1F7B2CA}
		{18DCBFBC-8729-4509-BBD3-BD38AC8FD6AC} = {95BEB115-4DA1-4815-A66A-6E13E1F7B2CA}
		{8F947E8B-EF01-4795-8B57-EE85400F99E0} = {95BEB115-4DA1-4815-A66A-6E13E1F7B2CA}
		{6B1AB12F-A3BB-4513-9592-3C15A1100FBE} = {324159DA-56ED-490E-8EC3-4A23D9799913}
	EndGlobalSection
	GlobalSection(ExtensibilityGlobals) = postSolution
		SolutionGuid = {D0BBEC40-69CC-42B1-97EE-B7E536580F06}
	EndGlobalSection
EndGlobal
