
Microsoft Visual Studio Solution File, Format Version 12.00
# Visual Studio Version 17
VisualStudioVersion = 17.5.33502.453
MinimumVisualStudioVersion = 10.0.40219.1
Project("{8BC9CEB8-8B4A-11D0-8D11-00A0C91BC942}") = "NekoPackTools", "Modules\NekoPackTools\NekoPackTools.vcxproj", "{D39049A0-6FB7-41F5-ACB1-0F07C7DBCE65}"
EndProject
Project("{8BC9CEB8-8B4A-11D0-8D11-00A0C91BC942}") = "TDA", "ThirdParty\TDA\TDA.vcxproj", "{6025B745-02F7-47EA-9911-35649DA8CEA0}"
EndProject
Project("{2150E333-8FDC-42A3-9474-1A3956D46DE8}") = "Modules", "Modules", "{902B25E0-A442-4742-B388-458DE58E4AA5}"
EndProject
Project("{2150E333-8FDC-42A3-9474-1A3956D46DE8}") = "ThirdParty", "ThirdParty", "{18D5B553-A21E-4CD5-8B78-D45925929A1E}"
EndProject
Project("{2150E333-8FDC-42A3-9474-1A3956D46DE8}") = "Sources", "Sources", "{95BEB115-4DA1-4815-A66A-6E13E1F7B2CA}"
EndProject
Project("{8BC9CEB8-8B4A-11D0-8D11-00A0C91BC942}") = "NekoPackFileHook", "Sources\NekoPackFileHook\NekoPackFileHook.vcxproj", "{549CD329-238B-4370-B0AD-666D9CF22EC8}"
EndProject
Project("{8BC9CEB8-8B4A-11D0-8D11-00A0C91BC942}") = "MNG_Editor", "Sources\MNG_Editor\MNG_Editor.vcxproj", "{3A022B58-92DF-41E9-9E04-41061F027CB0}"
EndProject
Project("{8BC9CEB8-8B4A-11D0-8D11-00A0C91BC942}") = "NekPackTextEditor", "Sources\NekPackTextEditor\NekPackTextEditor.vcxproj", "{956A4406-3BB1-4673-B7AB-28372972A496}"
EndProject
Project("{8BC9CEB8-8B4A-11D0-8D11-00A0C91BC942}") = "NekoPack_V1_Editor", "Sources\NekoPack_V1_Editor\NekoPack_V1_Editor.vcxproj", "{A33CDD40-9D5D-4CB0-B126-16B9BF8B12F1}"
EndProject
Global
	GlobalSection(SolutionConfigurationPlatforms) = preSolution
		Debug|x64 = Debug|x64
		Debug|x86 = Debug|x86
		Release|x64 = Release|x64
		Release|x86 = Release|x86
	EndGlobalSection
	GlobalSection(ProjectConfigurationPlatforms) = postSolution
		{D39049A0-6FB7-41F5-ACB1-0F07C7DBCE65}.Debug|x64.ActiveCfg = Debug|x64
		{D39049A0-6FB7-41F5-ACB1-0F07C7DBCE65}.Debug|x64.Build.0 = Debug|x64
		{D39049A0-6FB7-41F5-ACB1-0F07C7DBCE65}.Debug|x86.ActiveCfg = Debug|Win32
		{D39049A0-6FB7-41F5-ACB1-0F07C7DBCE65}.Debug|x86.Build.0 = Debug|Win32
		{D39049A0-6FB7-41F5-ACB1-0F07C7DBCE65}.Release|x64.ActiveCfg = Release|x64
		{D39049A0-6FB7-41F5-ACB1-0F07C7DBCE65}.Release|x64.Build.0 = Release|x64
		{D39049A0-6FB7-41F5-ACB1-0F07C7DBCE65}.Release|x86.ActiveCfg = Release|Win32
		{D39049A0-6FB7-41F5-ACB1-0F07C7DBCE65}.Release|x86.Build.0 = Release|Win32
		{6025B745-02F7-47EA-9911-35649DA8CEA0}.Debug|x64.ActiveCfg = Debug|x64
		{6025B745-02F7-47EA-9911-35649DA8CEA0}.Debug|x64.Build.0 = Debug|x64
		{6025B745-02F7-47EA-9911-35649DA8CEA0}.Debug|x86.ActiveCfg = Debug|Win32
		{6025B745-02F7-47EA-9911-35649DA8CEA0}.Debug|x86.Build.0 = Debug|Win32
		{6025B745-02F7-47EA-9911-35649DA8CEA0}.Release|x64.ActiveCfg = Release|x64
		{6025B745-02F7-47EA-9911-35649DA8CEA0}.Release|x64.Build.0 = Release|x64
		{6025B745-02F7-47EA-9911-35649DA8CEA0}.Release|x86.ActiveCfg = Release|Win32
		{6025B745-02F7-47EA-9911-35649DA8CEA0}.Release|x86.Build.0 = Release|Win32
		{549CD329-238B-4370-B0AD-666D9CF22EC8}.Debug|x64.ActiveCfg = Debug|x64
		{549CD329-238B-4370-B0AD-666D9CF22EC8}.Debug|x64.Build.0 = Debug|x64
		{549CD329-238B-4370-B0AD-666D9CF22EC8}.Debug|x86.ActiveCfg = Debug|Win32
		{549CD329-238B-4370-B0AD-666D9CF22EC8}.Debug|x86.Build.0 = Debug|Win32
		{549CD329-238B-4370-B0AD-666D9CF22EC8}.Release|x64.ActiveCfg = Release|x64
		{549CD329-238B-4370-B0AD-666D9CF22EC8}.Release|x64.Build.0 = Release|x64
		{549CD329-238B-4370-B0AD-666D9CF22EC8}.Release|x86.ActiveCfg = Release|Win32
		{549CD329-238B-4370-B0AD-666D9CF22EC8}.Release|x86.Build.0 = Release|Win32
		{3A022B58-92DF-41E9-9E04-41061F027CB0}.Debug|x64.ActiveCfg = Debug|x64
		{3A022B58-92DF-41E9-9E04-41061F027CB0}.Debug|x64.Build.0 = Debug|x64
		{3A022B58-92DF-41E9-9E04-41061F027CB0}.Debug|x86.ActiveCfg = Debug|Win32
		{3A022B58-92DF-41E9-9E04-41061F027CB0}.Debug|x86.Build.0 = Debug|Win32
		{3A022B58-92DF-41E9-9E04-41061F027CB0}.Release|x64.ActiveCfg = Release|x64
		{3A022B58-92DF-41E9-9E04-41061F027CB0}.Release|x64.Build.0 = Release|x64
		{3A022B58-92DF-41E9-9E04-41061F027CB0}.Release|x86.ActiveCfg = Release|Win32
		{3A022B58-92DF-41E9-9E04-41061F027CB0}.Release|x86.Build.0 = Release|Win32
		{956A4406-3BB1-4673-B7AB-28372972A496}.Debug|x64.ActiveCfg = Debug|x64
		{956A4406-3BB1-4673-B7AB-28372972A496}.Debug|x64.Build.0 = Debug|x64
		{956A4406-3BB1-4673-B7AB-28372972A496}.Debug|x86.ActiveCfg = Debug|Win32
		{956A4406-3BB1-4673-B7AB-28372972A496}.Debug|x86.Build.0 = Debug|Win32
		{956A4406-3BB1-4673-B7AB-28372972A496}.Release|x64.ActiveCfg = Release|x64
		{956A4406-3BB1-4673-B7AB-28372972A496}.Release|x64.Build.0 = Release|x64
		{956A4406-3BB1-4673-B7AB-28372972A496}.Release|x86.ActiveCfg = Release|Win32
		{956A4406-3BB1-4673-B7AB-28372972A496}.Release|x86.Build.0 = Release|Win32
		{A33CDD40-9D5D-4CB0-B126-16B9BF8B12F1}.Debug|x64.ActiveCfg = Debug|x64
		{A33CDD40-9D5D-4CB0-B126-16B9BF8B12F1}.Debug|x64.Build.0 = Debug|x64
		{A33CDD40-9D5D-4CB0-B126-16B9BF8B12F1}.Debug|x86.ActiveCfg = Debug|Win32
		{A33CDD40-9D5D-4CB0-B126-16B9BF8B12F1}.Debug|x86.Build.0 = Debug|Win32
		{A33CDD40-9D5D-4CB0-B126-16B9BF8B12F1}.Release|x64.ActiveCfg = Release|x64
		{A33CDD40-9D5D-4CB0-B126-16B9BF8B12F1}.Release|x64.Build.0 = Release|x64
		{A33CDD40-9D5D-4CB0-B126-16B9BF8B12F1}.Release|x86.ActiveCfg = Release|Win32
		{A33CDD40-9D5D-4CB0-B126-16B9BF8B12F1}.Release|x86.Build.0 = Release|Win32
	EndGlobalSection
	GlobalSection(SolutionProperties) = preSolution
		HideSolutionNode = FALSE
	EndGlobalSection
	GlobalSection(NestedProjects) = preSolution
		{D39049A0-6FB7-41F5-ACB1-0F07C7DBCE65} = {902B25E0-A442-4742-B388-458DE58E4AA5}
		{6025B745-02F7-47EA-9911-35649DA8CEA0} = {18D5B553-A21E-4CD5-8B78-D45925929A1E}
		{549CD329-238B-4370-B0AD-666D9CF22EC8} = {95BEB115-4DA1-4815-A66A-6E13E1F7B2CA}
		{3A022B58-92DF-41E9-9E04-41061F027CB0} = {95BEB115-4DA1-4815-A66A-6E13E1F7B2CA}
		{956A4406-3BB1-4673-B7AB-28372972A496} = {95BEB115-4DA1-4815-A66A-6E13E1F7B2CA}
		{A33CDD40-9D5D-4CB0-B126-16B9BF8B12F1} = {95BEB115-4DA1-4815-A66A-6E13E1F7B2CA}
	EndGlobalSection
	GlobalSection(ExtensibilityGlobals) = postSolution
		SolutionGuid = {D0BBEC40-69CC-42B1-97EE-B7E536580F06}
	EndGlobalSection
EndGlobal
