<?xml version="1.0" encoding="utf-8"?>
<Project ToolsVersion="4.0" xmlns="http://schemas.microsoft.com/developer/msbuild/2003">
  <ItemGroup>
    <Filter Include="include">
      <UniqueIdentifier>{c77a1150-15f8-4138-97d8-a8eba15b5a8d}</UniqueIdentifier>
    </Filter>
    <Filter Include="src">
      <UniqueIdentifier>{a04c0e14-4ebb-425b-a496-74bfca09a384}</UniqueIdentifier>
    </Filter>
  </ItemGroup>
  <ItemGroup>
    <ClInclude Include="..\..\Modules\NekoPackTools\include\NEKOPACK_V1_Struct.h">
      <Filter>include</Filter>
    </ClInclude>
    <ClInclude Include="..\..\Modules\NekoPackTools\include\NEKOPACK_V2.h">
      <Filter>include</Filter>
    </ClInclude>
    <ClInclude Include="..\..\Modules\NekoPackTools\include\Text.h">
      <Filter>include</Filter>
    </ClInclude>
    <ClInclude Include="..\..\Modules\NekoPackTools\include\FileHook.h">
      <Filter>include</Filter>
    </ClInclude>
    <ClInclude Include="..\..\Modules\NekoPackTools\include\MNG.h">
      <Filter>include</Filter>
    </ClInclude>
    <ClInclude Include="..\..\Modules\NekoPackTools\include\MNG_Chunk.h">
      <Filter>include</Filter>
    </ClInclude>
    <ClInclude Include="..\..\Modules\NekoPackTools\include\MNG_Struct.h">
      <Filter>include</Filter>
    </ClInclude>
    <ClInclude Include="..\..\Modules\NekoPackTools\include\NEKOPACK_V1.h">
      <Filter>include</Filter>
    </ClInclude>
    <ClInclude Include="..\..\Modules\NekoPackTools\include\NEKOPACK_V1_5.h">
      <Filter>include</Filter>
    </ClInclude>
    <ClInclude Include="..\..\Modules\NekoPackTools\include\NEKOPACK_V1_5_Struct.h">
      <Filter>include</Filter>
    </ClInclude>
  </ItemGroup>
  <ItemGroup>
    <ClCompile Include="..\..\Modules\NekoPackTools\src\MNG_Chunk.cpp">
      <Filter>src</Filter>
    </ClCompile>
    <ClCompile Include="..\..\Modules\NekoPackTools\src\NEKOPACK_V1.cpp">
      <Filter>src</Filter>
    </ClCompile>
    <ClCompile Include="..\..\Modules\NekoPackTools\src\NEKOPACK_V1_5.cpp">
      <Filter>src</Filter>
    </ClCompile>
    <ClCompile Include="..\..\Modules\NekoPackTools\src\NEKOPACK_V2.cpp">
      <Filter>src</Filter>
    </ClCompile>
    <ClCompile Include="..\..\Modules\NekoPackTools\src\Text.cpp">
      <Filter>src</Filter>
    </ClCompile>
    <ClCompile Include="..\..\Modules\NekoPackTools\src\FileHook.cpp">
      <Filter>src</Filter>
    </ClCompile>
    <ClCompile Include="..\..\Modules\NekoPackTools\src\MNG.cpp">
      <Filter>src</Filter>
    </ClCompile>
  </ItemGroup>
</Project>