<?xml version="1.0" encoding="utf-8"?>
<Project ToolsVersion="4.0" xmlns="http://schemas.microsoft.com/developer/msbuild/2003">
  <ItemGroup>
    <Filter Include="FileHook">
      <UniqueIdentifier>{6b40a0fd-f7cc-4a7e-a1f4-f0bb714fb9ba}</UniqueIdentifier>
    </Filter>
    <Filter Include="MNG">
      <UniqueIdentifier>{145ee412-c671-4953-a27d-f05ac72e495d}</UniqueIdentifier>
    </Filter>
    <Filter Include="Text">
      <UniqueIdentifier>{34476804-1aa1-41e9-882f-bbf44caca7bd}</UniqueIdentifier>
    </Filter>
    <Filter Include="Pack_V1">
      <UniqueIdentifier>{fa77f2e7-507e-41e2-926d-bcd52fc7b0f6}</UniqueIdentifier>
    </Filter>
  </ItemGroup>
  <ItemGroup>
    <ClCompile Include="FileHook.cpp">
      <Filter>FileHook</Filter>
    </ClCompile>
    <ClCompile Include="MNG.cpp">
      <Filter>MNG</Filter>
    </ClCompile>
    <ClCompile Include="Text.cpp">
      <Filter>Text</Filter>
    </ClCompile>
    <ClCompile Include="Pack_V1.cpp">
      <Filter>Pack_V1</Filter>
    </ClCompile>
  </ItemGroup>
  <ItemGroup>
    <ClInclude Include="FileHook.h">
      <Filter>FileHook</Filter>
    </ClInclude>
    <ClInclude Include="MNG.h">
      <Filter>MNG</Filter>
    </ClInclude>
    <ClInclude Include="MNG_Struct.h">
      <Filter>MNG</Filter>
    </ClInclude>
    <ClInclude Include="Text.h">
      <Filter>Text</Filter>
    </ClInclude>
    <ClInclude Include="Pack_V1.h">
      <Filter>Pack_V1</Filter>
    </ClInclude>
    <ClInclude Include="Pack_V1_Struct.h">
      <Filter>Pack_V1</Filter>
    </ClInclude>
  </ItemGroup>
</Project>